
Microsoft Visual Studio Solution File, Format Version 12.00
# Visual Studio Version 17
VisualStudioVersion = 17.0.31903.59
MinimumVisualStudioVersion = 10.0.40219.1
Project("{9A19103F-16F7-4668-BE54-9A1E7A4F7556}") = "CPAsgmt1", "CPAsgmt1\CPAsgmt1.csproj", "{B774F4E2-9663-45E9-8779-6A4E2365293E}"
EndProject
Global
	GlobalSection(SolutionConfigurationPlatforms) = preSolution
		Debug|Any CPU = Debug|Any CPU
		Release|Any CPU = Release|Any CPU
	EndGlobalSection
	GlobalSection(ProjectConfigurationPlatforms) = postSolution
		{B774F4E2-9663-45E9-8779-6A4E2365293E}.Debug|Any CPU.ActiveCfg = Debug|Any CPU
		{B774F4E2-9663-45E9-8779-6A4E2365293E}.Debug|Any CPU.Build.0 = Debug|Any CPU
		{B774F4E2-9663-45E9-8779-6A4E2365293E}.Release|Any CPU.ActiveCfg = Release|Any CPU
		{B774F4E2-9663-45E9-8779-6A4E2365293E}.Release|Any CPU.Build.0 = Release|Any CPU
	EndGlobalSection
	GlobalSection(SolutionProperties) = preSolution
		HideSolutionNode = FALSE
	EndGlobalSection
	GlobalSection(ExtensibilityGlobals) = postSolution
		SolutionGuid = {90100A37-8123-4E43-A31E-AFA4FF624F56}
	EndGlobalSection
EndGlobal
